
Microsoft Visual Studio Solution File, Format Version 10.00
# Visual Studio 2008
Project("{FAE04EC0-301F-11D3-BF4B-00C04F79EFBC}") = "RandomPasswordService", "RandomPasswordService.csproj", "{0D066490-360A-4B71-BB35-072843B5AF6A}"
EndProject
Global
	GlobalSection(SolutionConfigurationPlatforms) = preSolution
		Debug|Any CPU = Debug|Any CPU
		Release|Any CPU = Release|Any CPU
	EndGlobalSection
	GlobalSection(ProjectConfigurationPlatforms) = postSolution
		{0D066490-360A-4B71-BB35-072843B5AF6A}.Debug|Any CPU.ActiveCfg = Debug|Any CPU
		{0D066490-360A-4B71-BB35-072843B5AF6A}.Debug|Any CPU.Build.0 = Debug|Any CPU
		{0D066490-360A-4B71-BB35-072843B5AF6A}.Release|Any CPU.ActiveCfg = Release|Any CPU
		{0D066490-360A-4B71-BB35-072843B5AF6A}.Release|Any CPU.Build.0 = Release|Any CPU
	EndGlobalSection
	GlobalSection(SolutionProperties) = preSolution
		HideSolutionNode = FALSE
	EndGlobalSection
EndGlobal
